
Microsoft Visual Studio Solution File, Format Version 12.00
# Visual Studio 15
VisualStudioVersion = 15.0.26124.0
MinimumVisualStudioVersion = 15.0.26124.0
Project("{FAE04EC0-301F-11D3-BF4B-00C04F79EFBC}") = "ProAgil.API", "ProAgil.API\ProAgil.API.csproj", "{8A49B100-A037-4542-9F3C-6C09088B4B2C}"
EndProject
Project("{FAE04EC0-301F-11D3-BF4B-00C04F79EFBC}") = "ProAgil.Domain", "ProAgil.Domain\ProAgil.Domain.csproj", "{3E15EB94-9BA9-49D4-B799-DA4C643893F2}"
EndProject
Project("{FAE04EC0-301F-11D3-BF4B-00C04F79EFBC}") = "ProAgil.Repository", "ProAgil.Repository\ProAgil.Repository.csproj", "{4809DCB4-26BC-49B8-8CD7-ABEDA222E1DE}"
EndProject
Global
	GlobalSection(SolutionConfigurationPlatforms) = preSolution
		Debug|Any CPU = Debug|Any CPU
		Debug|x64 = Debug|x64
		Debug|x86 = Debug|x86
		Release|Any CPU = Release|Any CPU
		Release|x64 = Release|x64
		Release|x86 = Release|x86
	EndGlobalSection
	GlobalSection(SolutionProperties) = preSolution
		HideSolutionNode = FALSE
	EndGlobalSection
	GlobalSection(ProjectConfigurationPlatforms) = postSolution
		{8A49B100-A037-4542-9F3C-6C09088B4B2C}.Debug|Any CPU.ActiveCfg = Debug|Any CPU
		{8A49B100-A037-4542-9F3C-6C09088B4B2C}.Debug|Any CPU.Build.0 = Debug|Any CPU
		{8A49B100-A037-4542-9F3C-6C09088B4B2C}.Debug|x64.ActiveCfg = Debug|Any CPU
		{8A49B100-A037-4542-9F3C-6C09088B4B2C}.Debug|x64.Build.0 = Debug|Any CPU
		{8A49B100-A037-4542-9F3C-6C09088B4B2C}.Debug|x86.ActiveCfg = Debug|Any CPU
		{8A49B100-A037-4542-9F3C-6C09088B4B2C}.Debug|x86.Build.0 = Debug|Any CPU
		{8A49B100-A037-4542-9F3C-6C09088B4B2C}.Release|Any CPU.ActiveCfg = Release|Any CPU
		{8A49B100-A037-4542-9F3C-6C09088B4B2C}.Release|Any CPU.Build.0 = Release|Any CPU
		{8A49B100-A037-4542-9F3C-6C09088B4B2C}.Release|x64.ActiveCfg = Release|Any CPU
		{8A49B100-A037-4542-9F3C-6C09088B4B2C}.Release|x64.Build.0 = Release|Any CPU
		{8A49B100-A037-4542-9F3C-6C09088B4B2C}.Release|x86.ActiveCfg = Release|Any CPU
		{8A49B100-A037-4542-9F3C-6C09088B4B2C}.Release|x86.Build.0 = Release|Any CPU
		{3E15EB94-9BA9-49D4-B799-DA4C643893F2}.Debug|Any CPU.ActiveCfg = Debug|Any CPU
		{3E15EB94-9BA9-49D4-B799-DA4C643893F2}.Debug|Any CPU.Build.0 = Debug|Any CPU
		{3E15EB94-9BA9-49D4-B799-DA4C643893F2}.Debug|x64.ActiveCfg = Debug|Any CPU
		{3E15EB94-9BA9-49D4-B799-DA4C643893F2}.Debug|x64.Build.0 = Debug|Any CPU
		{3E15EB94-9BA9-49D4-B799-DA4C643893F2}.Debug|x86.ActiveCfg = Debug|Any CPU
		{3E15EB94-9BA9-49D4-B799-DA4C643893F2}.Debug|x86.Build.0 = Debug|Any CPU
		{3E15EB94-9BA9-49D4-B799-DA4C643893F2}.Release|Any CPU.ActiveCfg = Release|Any CPU
		{3E15EB94-9BA9-49D4-B799-DA4C643893F2}.Release|Any CPU.Build.0 = Release|Any CPU
		{3E15EB94-9BA9-49D4-B799-DA4C643893F2}.Release|x64.ActiveCfg = Release|Any CPU
		{3E15EB94-9BA9-49D4-B799-DA4C643893F2}.Release|x64.Build.0 = Release|Any CPU
		{3E15EB94-9BA9-49D4-B799-DA4C643893F2}.Release|x86.ActiveCfg = Release|Any CPU
		{3E15EB94-9BA9-49D4-B799-DA4C643893F2}.Release|x86.Build.0 = Release|Any CPU
		{4809DCB4-26BC-49B8-8CD7-ABEDA222E1DE}.Debug|Any CPU.ActiveCfg = Debug|Any CPU
		{4809DCB4-26BC-49B8-8CD7-ABEDA222E1DE}.Debug|Any CPU.Build.0 = Debug|Any CPU
		{4809DCB4-26BC-49B8-8CD7-ABEDA222E1DE}.Debug|x64.ActiveCfg = Debug|Any CPU
		{4809DCB4-26BC-49B8-8CD7-ABEDA222E1DE}.Debug|x64.Build.0 = Debug|Any CPU
		{4809DCB4-26BC-49B8-8CD7-ABEDA222E1DE}.Debug|x86.ActiveCfg = Debug|Any CPU
		{4809DCB4-26BC-49B8-8CD7-ABEDA222E1DE}.Debug|x86.Build.0 = Debug|Any CPU
		{4809DCB4-26BC-49B8-8CD7-ABEDA222E1DE}.Release|Any CPU.ActiveCfg = Release|Any CPU
		{4809DCB4-26BC-49B8-8CD7-ABEDA222E1DE}.Release|Any CPU.Build.0 = Release|Any CPU
		{4809DCB4-26BC-49B8-8CD7-ABEDA222E1DE}.Release|x64.ActiveCfg = Release|Any CPU
		{4809DCB4-26BC-49B8-8CD7-ABEDA222E1DE}.Release|x64.Build.0 = Release|Any CPU
		{4809DCB4-26BC-49B8-8CD7-ABEDA222E1DE}.Release|x86.ActiveCfg = Release|Any CPU
		{4809DCB4-26BC-49B8-8CD7-ABEDA222E1DE}.Release|x86.Build.0 = Release|Any CPU
	EndGlobalSection
EndGlobal
